
Microsoft Visual Studio Solution File, Format Version 12.00
# Visual Studio Version 17
VisualStudioVersion = 17.3.32901.215
MinimumVisualStudioVersion = 10.0.40219.1
Project("{FAE04EC0-301F-11D3-BF4B-00C04F79EFBC}") = "appraboteprokt", "appraboteprokt.csproj", "{4BF40F22-D992-4AD1-A63A-237D921DD17F}"
EndProject
Global
	GlobalSection(SolutionConfigurationPlatforms) = preSolution
		Debug|Any CPU = Debug|Any CPU
		Release|Any CPU = Release|Any CPU
	EndGlobalSection
	GlobalSection(ProjectConfigurationPlatforms) = postSolution
		{4BF40F22-D992-4AD1-A63A-237D921DD17F}.Debug|Any CPU.ActiveCfg = Debug|Any CPU
		{4BF40F22-D992-4AD1-A63A-237D921DD17F}.Debug|Any CPU.Build.0 = Debug|Any CPU
		{4BF40F22-D992-4AD1-A63A-237D921DD17F}.Release|Any CPU.ActiveCfg = Release|Any CPU
		{4BF40F22-D992-4AD1-A63A-237D921DD17F}.Release|Any CPU.Build.0 = Release|Any CPU
	EndGlobalSection
	GlobalSection(SolutionProperties) = preSolution
		HideSolutionNode = FALSE
	EndGlobalSection
	GlobalSection(ExtensibilityGlobals) = postSolution
		SolutionGuid = {DA1543A9-F14F-4598-A969-967E6A3DC81B}
	EndGlobalSection
EndGlobal
